// !$*UTF8*$!
{
	archiveVersion = 1;
	classes = {
	};
	objectVersion = 46;
	objects = {

/* Begin PBXBuildFile section */
		1778C6251DF4A5F10043D153 /* mazesaverView.h in Headers */ = {isa = PBXBuildFile; fileRef = 1778C6241DF4A5F10043D153 /* mazesaverView.h */; };
		1778C6271DF4A5F10043D153 /* mazesaverView.m in Sources */ = {isa = PBXBuildFile; fileRef = 1778C6261DF4A5F10043D153 /* mazesaverView.m */; };
/* End PBXBuildFile section */

/* Begin PBXFileReference section */
		1778C6211DF4A5F10043D153 /* mazesaver.saver */ = {isa = PBXFileReference; explicitFileType = wrapper.cfbundle; includeInIndex = 0; path = mazesaver.saver; sourceTree = BUILT_PRODUCTS_DIR; };
		1778C6241DF4A5F10043D153 /* mazesaverView.h */ = {isa = PBXFileReference; lastKnownFileType = sourcecode.c.h; path = mazesaverView.h; sourceTree = "<group>"; };
		1778C6261DF4A5F10043D153 /* mazesaverView.m */ = {isa = PBXFileReference; lastKnownFileType = sourcecode.c.objc; path = mazesaverView.m; sourceTree = "<group>"; };
		1778C6281DF4A5F10043D153 /* Info.plist */ = {isa = PBXFileReference; lastKnownFileType = text.plist.xml; path = Info.plist; sourceTree = "<group>"; };
/* End PBXFileReference section */

/* Begin PBXFrameworksBuildPhase section */
		1778C61D1DF4A5F00043D153 /* Frameworks */ = {
			isa = PBXFrameworksBuildPhase;
			buildActionMask = 2147483647;
			files = (
			);
			runOnlyForDeploymentPostprocessing = 0;
		};
/* End PBXFrameworksBuildPhase section */

/* Begin PBXGroup section */
		1778C6171DF4A5F00043D153 = {
			isa = PBXGroup;
			children = (
				1778C6231DF4A5F10043D153 /* mazesaver */,
				1778C6221DF4A5F10043D153 /* Products */,
			);
			sourceTree = "<group>";
		};
		1778C6221DF4A5F10043D153 /* Products */ = {
			isa = PBXGroup;
			children = (
				1778C6211DF4A5F10043D153 /* mazesaver.saver */,
			);
			name = Products;
			sourceTree = "<group>";
		};
		1778C6231DF4A5F10043D153 /* mazesaver */ = {
			isa = PBXGroup;
			children = (
				1778C6241DF4A5F10043D153 /* mazesaverView.h */,
				1778C6261DF4A5F10043D153 /* mazesaverView.m */,
				1778C6281DF4A5F10043D153 /* Info.plist */,
			);
			path = mazesaver;
			sourceTree = "<group>";
		};
/* End PBXGroup section */

/* Begin PBXHeadersBuildPhase section */
		1778C61E1DF4A5F00043D153 /* Headers */ = {
			isa = PBXHeadersBuildPhase;
			buildActionMask = 2147483647;
			files = (
				1778C6251DF4A5F10043D153 /* mazesaverView.h in Headers */,
			);
			runOnlyForDeploymentPostprocessing = 0;
		};
/* End PBXHeadersBuildPhase section */

/* Begin PBXNativeTarget section */
		1778C6201DF4A5F00043D153 /* mazesaver */ = {
			isa = PBXNativeTarget;
			buildConfigurationList = 1778C62B1DF4A5F10043D153 /* Build configuration list for PBXNativeTarget "mazesaver" */;
			buildPhases = (
				1778C61C1DF4A5F00043D153 /* Sources */,
				1778C61D1DF4A5F00043D153 /* Frameworks */,
				1778C61E1DF4A5F00043D153 /* Headers */,
				1778C61F1DF4A5F00043D153 /* Resources */,
			);
			buildRules = (
			);
			dependencies = (
			);
			name = mazesaver;
			productName = mazesaver;
			productReference = 1778C6211DF4A5F10043D153 /* mazesaver.saver */;
			productType = "com.apple.product-type.bundle";
		};
/* End PBXNativeTarget section */

/* Begin PBXProject section */
		1778C6181DF4A5F00043D153 /* Project object */ = {
			isa = PBXProject;
			attributes = {
				LastUpgradeCheck = 0810;
				ORGANIZATIONNAME = "3ft9 Ltd";
				TargetAttributes = {
					1778C6201DF4A5F00043D153 = {
						CreatedOnToolsVersion = 8.1;
						ProvisioningStyle = Automatic;
					};
				};
			};
			buildConfigurationList = 1778C61B1DF4A5F00043D153 /* Build configuration list for PBXProject "mazesaver" */;
			compatibilityVersion = "Xcode 3.2";
			developmentRegion = English;
			hasScannedForEncodings = 0;
			knownRegions = (
				en,
			);
			mainGroup = 1778C6171DF4A5F00043D153;
			productRefGroup = 1778C6221DF4A5F10043D153 /* Products */;
			projectDirPath = "";
			projectRoot = "";
			targets = (
				1778C6201DF4A5F00043D153 /* mazesaver */,
			);
		};
/* End PBXProject section */

/* Begin PBXResourcesBuildPhase section */
		1778C61F1DF4A5F00043D153 /* Resources */ = {
			isa = PBXResourcesBuildPhase;
			buildActionMask = 2147483647;
			files = (
			);
			runOnlyForDeploymentPostprocessing = 0;
		};
/* End PBXResourcesBuildPhase section */

/* Begin PBXSourcesBuildPhase section */
		1778C61C1DF4A5F00043D153 /* Sources */ = {
			isa = PBXSourcesBuildPhase;
			buildActionMask = 2147483647;
			files = (
				1778C6271DF4A5F10043D153 /* mazesaverView.m in Sources */,
			);
			runOnlyForDeploymentPostprocessing = 0;
		};
/* End PBXSourcesBuildPhase section */

/* Begin XCBuildConfiguration section */
		1778C6291DF4A5F10043D153 /* Debug */ = {
			isa = XCBuildConfiguration;
			buildSettings = {
				ALWAYS_SEARCH_USER_PATHS = NO;
				CLANG_ANALYZER_NONNULL = YES;
				CLANG_CXX_LANGUAGE_STANDARD = "gnu++0x";
				CLANG_CXX_LIBRARY = "libc++";
				CLANG_ENABLE_MODULES = YES;
				CLANG_ENABLE_OBJC_ARC = YES;
				CLANG_WARN_BOOL_CONVERSION = YES;
				CLANG_WARN_CONSTANT_CONVERSION = YES;
				CLANG_WARN_DIRECT_OBJC_ISA_USAGE = YES_ERROR;
				CLANG_WARN_DOCUMENTATION_COMMENTS = YES;
				CLANG_WARN_EMPTY_BODY = YES;
				CLANG_WARN_ENUM_CONVERSION = YES;
				CLANG_WARN_INFINITE_RECURSION = YES;
				CLANG_WARN_INT_CONVERSION = YES;
				CLANG_WARN_OBJC_ROOT_CLASS = YES_ERROR;
				CLANG_WARN_SUSPICIOUS_MOVES = YES;
				CLANG_WARN_UNREACHABLE_CODE = YES;
				CLANG_WARN__DUPLICATE_METHOD_MATCH = YES;
				CODE_SIGN_IDENTITY = "-";
				COPY_PHASE_STRIP = NO;
				DEBUG_INFORMATION_FORMAT = dwarf;
				ENABLE_STRICT_OBJC_MSGSEND = YES;
				ENABLE_TESTABILITY = YES;
				GCC_C_LANGUAGE_STANDARD = gnu99;
				GCC_DYNAMIC_NO_PIC = NO;
				GCC_NO_COMMON_BLOCKS = YES;
				GCC_OPTIMIZATION_LEVEL = 0;
				GCC_PREPROCESSOR_DEFINITIONS = (
					"DEBUG=1",
					"$(inherited)",
				);
				GCC_WARN_64_TO_32_BIT_CONVERSION = YES;
				GCC_WARN_ABOUT_RETURN_TYPE = YES_ERROR;
				GCC_WARN_UNDECLARED_SELECTOR = YES;
				GCC_WARN_UNINITIALIZED_AUTOS = YES_AGGRESSIVE;
				GCC_WARN_UNUSED_FUNCTION = YES;
				GCC_WARN_UNUSED_VARIABLE = YES;
				MACOSX_DEPLOYMENT_TARGET = 10.12;
				MTL_ENABLE_DEBUG_INFO = YES;
				ONLY_ACTIVE_ARCH = YES;
				SDKROOT = macosx;
			};
			name = Debug;
		};
		1778C62A1DF4A5F10043D153 /* Release */ = {
			isa = XCBuildConfiguration;
			buildSettings = {
				ALWAYS_SEARCH_USER_PATHS = NO;
				CLANG_ANALYZER_NONNULL = YES;
				CLANG_CXX_LANGUAGE_STANDARD = "gnu++0x";
				CLANG_CXX_LIBRARY = "libc++";
				CLANG_ENABLE_MODULES = YES;
				CLANG_ENABLE_OBJC_ARC = YES;
				CLANG_WARN_BOOL_CONVERSION = YES;
				CLANG_WARN_CONSTANT_CONVERSION = YES;
				CLANG_WARN_DIRECT_OBJC_ISA_USAGE = YES_ERROR;
				CLANG_WARN_DOCUMENTATION_COMMENTS = YES;
				CLANG_WARN_EMPTY_BODY = YES;
				CLANG_WARN_ENUM_CONVERSION = YES;
				CLANG_WARN_INFINITE_RECURSION = YES;
				CLANG_WARN_INT_CONVERSION = YES;
				CLANG_WARN_OBJC_ROOT_CLASS = YES_ERROR;
				CLANG_WARN_SUSPICIOUS_MOVES = YES;
				CLANG_WARN_UNREACHABLE_CODE = YES;
				CLANG_WARN__DUPLICATE_METHOD_MATCH = YES;
				CODE_SIGN_IDENTITY = "-";
				COPY_PHASE_STRIP = NO;
				DEBUG_INFORMATION_FORMAT = "dwarf-with-dsym";
				ENABLE_NS_ASSERTIONS = NO;
				ENABLE_STRICT_OBJC_MSGSEND = YES;
				GCC_C_LANGUAGE_STANDARD = gnu99;
				GCC_NO_COMMON_BLOCKS = YES;
				GCC_WARN_64_TO_32_BIT_CONVERSION = YES;
				GCC_WARN_ABOUT_RETURN_TYPE = YES_ERROR;
				GCC_WARN_UNDECLARED_SELECTOR = YES;
				GCC_WARN_UNINITIALIZED_AUTOS = YES_AGGRESSIVE;
				GCC_WARN_UNUSED_FUNCTION = YES;
				GCC_WARN_UNUSED_VARIABLE = YES;
				MACOSX_DEPLOYMENT_TARGET = 10.12;
				MTL_ENABLE_DEBUG_INFO = NO;
				SDKROOT = macosx;
			};
			name = Release;
		};
		1778C62C1DF4A5F10043D153 /* Debug */ = {
			isa = XCBuildConfiguration;
			buildSettings = {
				COMBINE_HIDPI_IMAGES = YES;
				INFOPLIST_FILE = mazesaver/Info.plist;
				INSTALL_PATH = "$(HOME)/Library/Screen Savers";
				PRODUCT_BUNDLE_IDENTIFIER = com.3ft9.mazesaver;
				PRODUCT_NAME = "$(TARGET_NAME)";
				WRAPPER_EXTENSION = saver;
			};
			name = Debug;
		};
		1778C62D1DF4A5F10043D153 /* Release */ = {
			isa = XCBuildConfiguration;
			buildSettings = {
				COMBINE_HIDPI_IMAGES = YES;
				INFOPLIST_FILE = mazesaver/Info.plist;
				INSTALL_PATH = "$(HOME)/Library/Screen Savers";
				PRODUCT_BUNDLE_IDENTIFIER = com.3ft9.mazesaver;
				PRODUCT_NAME = "$(TARGET_NAME)";
				WRAPPER_EXTENSION = saver;
			};
			name = Release;
		};
/* End XCBuildConfiguration section */

/* Begin XCConfigurationList section */
		1778C61B1DF4A5F00043D153 /* Build configuration list for PBXProject "mazesaver" */ = {
			isa = XCConfigurationList;
			buildConfigurations = (
				1778C6291DF4A5F10043D153 /* Debug */,
				1778C62A1DF4A5F10043D153 /* Release */,
			);
			defaultConfigurationIsVisible = 0;
			defaultConfigurationName = Release;
		};
		1778C62B1DF4A5F10043D153 /* Build configuration list for PBXNativeTarget "mazesaver" */ = {
			isa = XCConfigurationList;
			buildConfigurations = (
				1778C62C1DF4A5F10043D153 /* Debug */,
				1778C62D1DF4A5F10043D153 /* Release */,
			);
			defaultConfigurationIsVisible = 0;
		};
/* End XCConfigurationList section */
	};
	rootObject = 1778C6181DF4A5F00043D153 /* Project object */;
}
